{"is_source_file": false, "format": "", "description": "", "external_files": [], "external_methods": [], "published": [], "classes": [], "methods": [], "calls": [], "search-terms": [], "state": 2, "file_id": 89, "knowledge_revision": 208, "git_revision": "f418f034085a3b28e7d6aa15bd31bf6464859a9d", "hash": "e9b4c3b42cef0193b7fddb548d37e652", "format-version": 4, "code-base-name": "default", "filename": "emoaura_frontend/post_process_status.lock", "revision_history": [{"208": "f418f034085a3b28e7d6aa15bd31bf6464859a9d"}]}